
Microsoft Visual Studio Solution File, Format Version 12.00
# Visual Studio Version 17
VisualStudioVersion = 17.8.34316.72
MinimumVisualStudioVersion = 10.0.40219.1
Project("{FAE04EC0-301F-11D3-BF4B-00C04F79EFBC}") = "Inventory", "Inventory.csproj", "{6A184FF8-251D-4CB0-8585-6682312E40E8}"
EndProject
Global
	GlobalSection(SolutionConfigurationPlatforms) = preSolution
		Debug|Any CPU = Debug|Any CPU
		Release|Any CPU = Release|Any CPU
	EndGlobalSection
	GlobalSection(ProjectConfigurationPlatforms) = postSolution
		{6A184FF8-251D-4CB0-8585-6682312E40E8}.Debug|Any CPU.ActiveCfg = Debug|Any CPU
		{6A184FF8-251D-4CB0-8585-6682312E40E8}.Debug|Any CPU.Build.0 = Debug|Any CPU
		{6A184FF8-251D-4CB0-8585-6682312E40E8}.Debug|Any CPU.Deploy.0 = Debug|Any CPU
		{6A184FF8-251D-4CB0-8585-6682312E40E8}.Release|Any CPU.ActiveCfg = Release|Any CPU
		{6A184FF8-251D-4CB0-8585-6682312E40E8}.Release|Any CPU.Build.0 = Release|Any CPU
		{6A184FF8-251D-4CB0-8585-6682312E40E8}.Release|Any CPU.Deploy.0 = Release|Any CPU
	EndGlobalSection
	GlobalSection(SolutionProperties) = preSolution
		HideSolutionNode = FALSE
	EndGlobalSection
	GlobalSection(ExtensibilityGlobals) = postSolution
		SolutionGuid = {4F3AA477-AE11-4EB5-82D3-5AF64A5A31CB}
	EndGlobalSection
EndGlobal
